
Microsoft Visual Studio Solution File, Format Version 12.00
# Visual Studio 2012
Project("{FAE04EC0-301F-11D3-BF4B-00C04F79EFBC}") = "DataBinding", "DataBinding\DataBinding.csproj", "{EE5FB574-800D-43F1-ABB1-9750A2D9F7F5}"
EndProject
Project("{FAE04EC0-301F-11D3-BF4B-00C04F79EFBC}") = "DataBinding.iOS", "iOS\DataBinding.iOS.csproj", "{A72CCCE6-5DBD-465A-B891-A50351D5AE19}"
EndProject
Project("{FAE04EC0-301F-11D3-BF4B-00C04F79EFBC}") = "DataBinding.Droid", "Droid\DataBinding.Droid.csproj", "{5EB3D85E-1B02-439D-909B-51531A7B7218}"
EndProject
Global
	GlobalSection(SolutionConfigurationPlatforms) = preSolution
		Debug|Any CPU = Debug|Any CPU
		Release|Any CPU = Release|Any CPU
		Debug|iPhoneSimulator = Debug|iPhoneSimulator
		Release|iPhone = Release|iPhone
		Release|iPhoneSimulator = Release|iPhoneSimulator
		Debug|iPhone = Debug|iPhone
	EndGlobalSection
	GlobalSection(ProjectConfigurationPlatforms) = postSolution
		{EE5FB574-800D-43F1-ABB1-9750A2D9F7F5}.Debug|Any CPU.ActiveCfg = Debug|Any CPU
		{EE5FB574-800D-43F1-ABB1-9750A2D9F7F5}.Debug|Any CPU.Build.0 = Debug|Any CPU
		{EE5FB574-800D-43F1-ABB1-9750A2D9F7F5}.Release|Any CPU.ActiveCfg = Release|Any CPU
		{EE5FB574-800D-43F1-ABB1-9750A2D9F7F5}.Release|Any CPU.Build.0 = Release|Any CPU
		{EE5FB574-800D-43F1-ABB1-9750A2D9F7F5}.Debug|iPhoneSimulator.ActiveCfg = Debug|Any CPU
		{EE5FB574-800D-43F1-ABB1-9750A2D9F7F5}.Debug|iPhoneSimulator.Build.0 = Debug|Any CPU
		{EE5FB574-800D-43F1-ABB1-9750A2D9F7F5}.Release|iPhone.ActiveCfg = Release|Any CPU
		{EE5FB574-800D-43F1-ABB1-9750A2D9F7F5}.Release|iPhone.Build.0 = Release|Any CPU
		{EE5FB574-800D-43F1-ABB1-9750A2D9F7F5}.Release|iPhoneSimulator.ActiveCfg = Release|Any CPU
		{EE5FB574-800D-43F1-ABB1-9750A2D9F7F5}.Release|iPhoneSimulator.Build.0 = Release|Any CPU
		{EE5FB574-800D-43F1-ABB1-9750A2D9F7F5}.Debug|iPhone.ActiveCfg = Debug|Any CPU
		{EE5FB574-800D-43F1-ABB1-9750A2D9F7F5}.Debug|iPhone.Build.0 = Debug|Any CPU
		{A72CCCE6-5DBD-465A-B891-A50351D5AE19}.Debug|Any CPU.ActiveCfg = Debug|iPhoneSimulator
		{A72CCCE6-5DBD-465A-B891-A50351D5AE19}.Debug|Any CPU.Build.0 = Debug|iPhoneSimulator
		{A72CCCE6-5DBD-465A-B891-A50351D5AE19}.Release|Any CPU.ActiveCfg = Debug|iPhoneSimulator
		{A72CCCE6-5DBD-465A-B891-A50351D5AE19}.Release|Any CPU.Build.0 = Debug|iPhoneSimulator
		{A72CCCE6-5DBD-465A-B891-A50351D5AE19}.Debug|iPhoneSimulator.ActiveCfg = Debug|iPhoneSimulator
		{A72CCCE6-5DBD-465A-B891-A50351D5AE19}.Debug|iPhoneSimulator.Build.0 = Debug|iPhoneSimulator
		{A72CCCE6-5DBD-465A-B891-A50351D5AE19}.Release|iPhone.ActiveCfg = Release|iPhone
		{A72CCCE6-5DBD-465A-B891-A50351D5AE19}.Release|iPhone.Build.0 = Release|iPhone
		{A72CCCE6-5DBD-465A-B891-A50351D5AE19}.Release|iPhoneSimulator.ActiveCfg = Release|iPhoneSimulator
		{A72CCCE6-5DBD-465A-B891-A50351D5AE19}.Release|iPhoneSimulator.Build.0 = Release|iPhoneSimulator
		{A72CCCE6-5DBD-465A-B891-A50351D5AE19}.Debug|iPhone.ActiveCfg = Debug|iPhone
		{A72CCCE6-5DBD-465A-B891-A50351D5AE19}.Debug|iPhone.Build.0 = Debug|iPhone
		{5EB3D85E-1B02-439D-909B-51531A7B7218}.Debug|Any CPU.ActiveCfg = Debug|Any CPU
		{5EB3D85E-1B02-439D-909B-51531A7B7218}.Debug|Any CPU.Build.0 = Debug|Any CPU
		{5EB3D85E-1B02-439D-909B-51531A7B7218}.Release|Any CPU.ActiveCfg = Release|Any CPU
		{5EB3D85E-1B02-439D-909B-51531A7B7218}.Release|Any CPU.Build.0 = Release|Any CPU
		{5EB3D85E-1B02-439D-909B-51531A7B7218}.Debug|iPhoneSimulator.ActiveCfg = Debug|Any CPU
		{5EB3D85E-1B02-439D-909B-51531A7B7218}.Debug|iPhoneSimulator.Build.0 = Debug|Any CPU
		{5EB3D85E-1B02-439D-909B-51531A7B7218}.Release|iPhone.ActiveCfg = Release|Any CPU
		{5EB3D85E-1B02-439D-909B-51531A7B7218}.Release|iPhone.Build.0 = Release|Any CPU
		{5EB3D85E-1B02-439D-909B-51531A7B7218}.Release|iPhoneSimulator.ActiveCfg = Release|Any CPU
		{5EB3D85E-1B02-439D-909B-51531A7B7218}.Release|iPhoneSimulator.Build.0 = Release|Any CPU
		{5EB3D85E-1B02-439D-909B-51531A7B7218}.Debug|iPhone.ActiveCfg = Debug|Any CPU
		{5EB3D85E-1B02-439D-909B-51531A7B7218}.Debug|iPhone.Build.0 = Debug|Any CPU
	EndGlobalSection
EndGlobal
